
Microsoft Visual Studio Solution File, Format Version 12.00
# Visual Studio Version 17
VisualStudioVersion = 17.5.002.0
MinimumVisualStudioVersion = 10.0.40219.1
Project("{9A19103F-16F7-4668-BE54-9A1E7A4F7556}") = "LibraryApp1", "LibraryApp1.csproj", "{A8420198-48F8-47B1-8385-1B24906410AF}"
EndProject
Global
	GlobalSection(SolutionConfigurationPlatforms) = preSolution
		Debug|Any CPU = Debug|Any CPU
		Release|Any CPU = Release|Any CPU
	EndGlobalSection
	GlobalSection(ProjectConfigurationPlatforms) = postSolution
		{A8420198-48F8-47B1-8385-1B24906410AF}.Debug|Any CPU.ActiveCfg = Debug|Any CPU
		{A8420198-48F8-47B1-8385-1B24906410AF}.Debug|Any CPU.Build.0 = Debug|Any CPU
		{A8420198-48F8-47B1-8385-1B24906410AF}.Release|Any CPU.ActiveCfg = Release|Any CPU
		{A8420198-48F8-47B1-8385-1B24906410AF}.Release|Any CPU.Build.0 = Release|Any CPU
	EndGlobalSection
	GlobalSection(SolutionProperties) = preSolution
		HideSolutionNode = FALSE
	EndGlobalSection
	GlobalSection(ExtensibilityGlobals) = postSolution
		SolutionGuid = {5D10B4E2-F891-4C58-BD4B-91DE8910F814}
	EndGlobalSection
EndGlobal
